
Microsoft Visual Studio Solution File, Format Version 11.00
# Visual Studio 2010
Project("{FAE04EC0-301F-11D3-BF4B-00C04F79EFBC}") = "Assembly-CSharp", "Assembly-CSharp.csproj", "{163DE4F4-11FD-6E4B-1CEA-7220CC50B68B}"
EndProject
Project("{FAE04EC0-301F-11D3-BF4B-00C04F79EFBC}") = "Assembly-CSharp-Editor", "Assembly-CSharp-Editor.csproj", "{D8B0BF4E-42A8-B41F-92A2-F8AA04995E5E}"
EndProject
Global
	GlobalSection(SolutionConfigurationPlatforms) = preSolution
		Debug|Any CPU = Debug|Any CPU
		Release|Any CPU = Release|Any CPU
	EndGlobalSection
	GlobalSection(ProjectConfigurationPlatforms) = postSolution
		{163DE4F4-11FD-6E4B-1CEA-7220CC50B68B}.Debug|Any CPU.ActiveCfg = Debug|Any CPU
		{163DE4F4-11FD-6E4B-1CEA-7220CC50B68B}.Debug|Any CPU.Build.0 = Debug|Any CPU
		{163DE4F4-11FD-6E4B-1CEA-7220CC50B68B}.Release|Any CPU.ActiveCfg = Release|Any CPU
		{163DE4F4-11FD-6E4B-1CEA-7220CC50B68B}.Release|Any CPU.Build.0 = Release|Any CPU
		{D8B0BF4E-42A8-B41F-92A2-F8AA04995E5E}.Debug|Any CPU.ActiveCfg = Debug|Any CPU
		{D8B0BF4E-42A8-B41F-92A2-F8AA04995E5E}.Debug|Any CPU.Build.0 = Debug|Any CPU
		{D8B0BF4E-42A8-B41F-92A2-F8AA04995E5E}.Release|Any CPU.ActiveCfg = Release|Any CPU
		{D8B0BF4E-42A8-B41F-92A2-F8AA04995E5E}.Release|Any CPU.Build.0 = Release|Any CPU
	EndGlobalSection
	GlobalSection(SolutionProperties) = preSolution
		HideSolutionNode = FALSE
	EndGlobalSection
EndGlobal
